
Microsoft Visual Studio Solution File, Format Version 12.00
# Visual Studio Version 17
VisualStudioVersion = 17.6.33723.286
MinimumVisualStudioVersion = 10.0.40219.1
Project("{FAE04EC0-301F-11D3-BF4B-00C04F79EFBC}") = "Desafio_Estacionamento_WindowsForms", "Desafio_Estacionamento_WindowsForms.csproj", "{B1763582-C18B-408A-9973-A55D71F7604B}"
EndProject
Global
	GlobalSection(SolutionConfigurationPlatforms) = preSolution
		Debug|Any CPU = Debug|Any CPU
		Release|Any CPU = Release|Any CPU
	EndGlobalSection
	GlobalSection(ProjectConfigurationPlatforms) = postSolution
		{B1763582-C18B-408A-9973-A55D71F7604B}.Debug|Any CPU.ActiveCfg = Debug|Any CPU
		{B1763582-C18B-408A-9973-A55D71F7604B}.Debug|Any CPU.Build.0 = Debug|Any CPU
		{B1763582-C18B-408A-9973-A55D71F7604B}.Release|Any CPU.ActiveCfg = Release|Any CPU
		{B1763582-C18B-408A-9973-A55D71F7604B}.Release|Any CPU.Build.0 = Release|Any CPU
	EndGlobalSection
	GlobalSection(SolutionProperties) = preSolution
		HideSolutionNode = FALSE
	EndGlobalSection
	GlobalSection(ExtensibilityGlobals) = postSolution
		SolutionGuid = {779E031F-5E87-439E-ABFA-629FA973D4AF}
	EndGlobalSection
EndGlobal
